# This file is autogenerated, do not edit; changes may be undone by the next 'dep ensure'.


[[projects]]
  name = "github.com/gorilla/mux"
  packages = ["."]
  revision = "75dcda0896e109a2a22c9315bca3bb21b87b2ba5"
  version = "v1.7.4"

[[projects]]
  branch = "master"
  name = "github.com/souravTT/testing_go"
  packages = ["app/controller"]
  revision = "69694f220e4562087c460ec5dd12e9241fb2666f"

[solve-meta]
  analyzer-name = "dep"
  analyzer-version = 1
  inputs-digest = "e04632d047cb5a0ff595d1423a186fcd1f0255e8b57b6d654e227535442cf271"
  solver-name = "gps-cdcl"
  solver-version = 1
